// !$*UTF8*$!
{
	archiveVersion = 1;
	classes = {
	};
	objectVersion = 46;
	objects = {

/* Begin PBXBuildFile section */
		D9096326159D76A600505B30 /* libcrypto.dylib in Frameworks */ = {isa = PBXBuildFile; fileRef = D9096325159D76A600505B30 /* libcrypto.dylib */; };
		D90AF1F6160485660018356A /* libpng15.15.dylib in Frameworks */ = {isa = PBXBuildFile; fileRef = D90AF1F5160485660018356A /* libpng15.15.dylib */; };
		D90AF1FD16048EAD0018356A /* libboost_filesystem.dylib in Frameworks */ = {isa = PBXBuildFile; fileRef = D90AF1FB16048EAD0018356A /* libboost_filesystem.dylib */; };
		D90AF1FE16048EAD0018356A /* libboost_system.dylib in Frameworks */ = {isa = PBXBuildFile; fileRef = D90AF1FC16048EAD0018356A /* libboost_system.dylib */; };
		D9A660D01618ADDC00A84E6B /* main.cpp in Sources */ = {isa = PBXBuildFile; fileRef = D9A660C81618ADDC00A84E6B /* main.cpp */; };
		D9A660D11618ADDC00A84E6B /* packet.cpp in Sources */ = {isa = PBXBuildFile; fileRef = D9A660C91618ADDC00A84E6B /* packet.cpp */; };
		D9A660D21618ADDC00A84E6B /* replay_file.cpp in Sources */ = {isa = PBXBuildFile; fileRef = D9A660CB1618ADDC00A84E6B /* replay_file.cpp */; };
		D9AF1CEA159EDE9500074C27 /* libz.dylib in Frameworks */ = {isa = PBXBuildFile; fileRef = D9AF1CE9159EDE9500074C27 /* libz.dylib */; };
		D9C45F4815F9493600D61AA8 /* libtbb.dylib in Frameworks */ = {isa = PBXBuildFile; fileRef = D9C45F4615F9493600D61AA8 /* libtbb.dylib */; };
		D9C45F4915F9493600D61AA8 /* libtbbmalloc.dylib in Frameworks */ = {isa = PBXBuildFile; fileRef = D9C45F4715F9493600D61AA8 /* libtbbmalloc.dylib */; };
		D9C92C451618B22C00E00826 /* jsoncpp.cpp in Sources */ = {isa = PBXBuildFile; fileRef = D9C92C441618B22C00E00826 /* jsoncpp.cpp */; };
/* End PBXBuildFile section */

/* Begin PBXCopyFilesBuildPhase section */
		D9511A1E15615982009B4E0F /* Copy Files */ = {
			isa = PBXCopyFilesBuildPhase;
			buildActionMask = 2147483647;
			dstPath = /usr/share/man/man1/;
			dstSubfolderSpec = 0;
			files = (
			);
			name = "Copy Files";
			runOnlyForDeploymentPostprocessing = 1;
		};
/* End PBXCopyFilesBuildPhase section */

/* Begin PBXFileReference section */
		D9096325159D76A600505B30 /* libcrypto.dylib */ = {isa = PBXFileReference; lastKnownFileType = "compiled.mach-o.dylib"; name = libcrypto.dylib; path = usr/lib/libcrypto.dylib; sourceTree = SDKROOT; };
		D90AF1F5160485660018356A /* libpng15.15.dylib */ = {isa = PBXFileReference; lastKnownFileType = "compiled.mach-o.dylib"; name = libpng15.15.dylib; path = ../../../../opt/local/lib/libpng15.15.dylib; sourceTree = "<group>"; };
		D90AF1FB16048EAD0018356A /* libboost_filesystem.dylib */ = {isa = PBXFileReference; lastKnownFileType = "compiled.mach-o.dylib"; name = libboost_filesystem.dylib; path = ../../lib/libboost_filesystem.dylib; sourceTree = "<group>"; };
		D90AF1FC16048EAD0018356A /* libboost_system.dylib */ = {isa = PBXFileReference; lastKnownFileType = "compiled.mach-o.dylib"; name = libboost_system.dylib; path = ../../lib/libboost_system.dylib; sourceTree = "<group>"; };
		D9511A2015615982009B4E0F /* wotreplay-parser */ = {isa = PBXFileReference; explicitFileType = "compiled.mach-o.executable"; includeInIndex = 0; path = "wotreplay-parser"; sourceTree = BUILT_PRODUCTS_DIR; };
		D9A660C81618ADDC00A84E6B /* main.cpp */ = {isa = PBXFileReference; fileEncoding = 4; lastKnownFileType = sourcecode.cpp.cpp; path = main.cpp; sourceTree = "<group>"; };
		D9A660C91618ADDC00A84E6B /* packet.cpp */ = {isa = PBXFileReference; fileEncoding = 4; lastKnownFileType = sourcecode.cpp.cpp; path = packet.cpp; sourceTree = "<group>"; };
		D9A660CA1618ADDC00A84E6B /* packet.h */ = {isa = PBXFileReference; fileEncoding = 4; lastKnownFileType = sourcecode.c.h; path = packet.h; sourceTree = "<group>"; };
		D9A660CB1618ADDC00A84E6B /* replay_file.cpp */ = {isa = PBXFileReference; fileEncoding = 4; lastKnownFileType = sourcecode.cpp.cpp; path = replay_file.cpp; sourceTree = "<group>"; };
		D9A660CC1618ADDC00A84E6B /* replay_file.h */ = {isa = PBXFileReference; fileEncoding = 4; lastKnownFileType = sourcecode.c.h; path = replay_file.h; sourceTree = "<group>"; };
		D9A660CD1618ADDC00A84E6B /* types.h */ = {isa = PBXFileReference; fileEncoding = 4; lastKnownFileType = sourcecode.c.h; path = types.h; sourceTree = "<group>"; };
		D9A660CE1618ADDC00A84E6B /* wotstats.1 */ = {isa = PBXFileReference; fileEncoding = 4; lastKnownFileType = text.man; path = wotstats.1; sourceTree = "<group>"; };
		D9AF1CE9159EDE9500074C27 /* libz.dylib */ = {isa = PBXFileReference; lastKnownFileType = "compiled.mach-o.dylib"; name = libz.dylib; path = usr/lib/libz.dylib; sourceTree = SDKROOT; };
		D9C45F4615F9493600D61AA8 /* libtbb.dylib */ = {isa = PBXFileReference; lastKnownFileType = "compiled.mach-o.dylib"; name = libtbb.dylib; path = ../../lib/libtbb.dylib; sourceTree = "<group>"; };
		D9C45F4715F9493600D61AA8 /* libtbbmalloc.dylib */ = {isa = PBXFileReference; lastKnownFileType = "compiled.mach-o.dylib"; name = libtbbmalloc.dylib; path = ../../lib/libtbbmalloc.dylib; sourceTree = "<group>"; };
		D9C92C411618B22C00E00826 /* json-forwards.h */ = {isa = PBXFileReference; fileEncoding = 4; lastKnownFileType = sourcecode.c.h; path = "json-forwards.h"; sourceTree = "<group>"; };
		D9C92C421618B22C00E00826 /* json.h */ = {isa = PBXFileReference; fileEncoding = 4; lastKnownFileType = sourcecode.c.h; path = json.h; sourceTree = "<group>"; };
		D9C92C441618B22C00E00826 /* jsoncpp.cpp */ = {isa = PBXFileReference; fileEncoding = 4; lastKnownFileType = sourcecode.cpp.cpp; path = jsoncpp.cpp; sourceTree = "<group>"; };
/* End PBXFileReference section */

/* Begin PBXFrameworksBuildPhase section */
		D9511A1D15615982009B4E0F /* Frameworks */ = {
			isa = PBXFrameworksBuildPhase;
			buildActionMask = 2147483647;
			files = (
				D90AF1FD16048EAD0018356A /* libboost_filesystem.dylib in Frameworks */,
				D90AF1FE16048EAD0018356A /* libboost_system.dylib in Frameworks */,
				D90AF1F6160485660018356A /* libpng15.15.dylib in Frameworks */,
				D9C45F4815F9493600D61AA8 /* libtbb.dylib in Frameworks */,
				D9C45F4915F9493600D61AA8 /* libtbbmalloc.dylib in Frameworks */,
				D9AF1CEA159EDE9500074C27 /* libz.dylib in Frameworks */,
				D9096326159D76A600505B30 /* libcrypto.dylib in Frameworks */,
			);
			runOnlyForDeploymentPostprocessing = 0;
		};
/* End PBXFrameworksBuildPhase section */

/* Begin PBXGroup section */
		D9511A1515615981009B4E0F = {
			isa = PBXGroup;
			children = (
				D90AF1FB16048EAD0018356A /* libboost_filesystem.dylib */,
				D90AF1FC16048EAD0018356A /* libboost_system.dylib */,
				D90AF1F5160485660018356A /* libpng15.15.dylib */,
				D9C45F4615F9493600D61AA8 /* libtbb.dylib */,
				D9C45F4715F9493600D61AA8 /* libtbbmalloc.dylib */,
				D9AF1CE9159EDE9500074C27 /* libz.dylib */,
				D9096325159D76A600505B30 /* libcrypto.dylib */,
				D9511A2315615982009B4E0F /* wotreplay-parser */,
				D9511A2115615982009B4E0F /* Products */,
			);
			sourceTree = "<group>";
		};
		D9511A2115615982009B4E0F /* Products */ = {
			isa = PBXGroup;
			children = (
				D9511A2015615982009B4E0F /* wotreplay-parser */,
			);
			name = Products;
			sourceTree = "<group>";
		};
		D9511A2315615982009B4E0F /* wotreplay-parser */ = {
			isa = PBXGroup;
			children = (
				D9C92C3D1618B22C00E00826 /* ext */,
				D9A660BF1618ADDC00A84E6B /* src */,
			);
			name = "wotreplay-parser";
			path = wotstats;
			sourceTree = "<group>";
		};
		D9A660BF1618ADDC00A84E6B /* src */ = {
			isa = PBXGroup;
			children = (
				D9A660C81618ADDC00A84E6B /* main.cpp */,
				D9A660C91618ADDC00A84E6B /* packet.cpp */,
				D9A660CA1618ADDC00A84E6B /* packet.h */,
				D9A660CB1618ADDC00A84E6B /* replay_file.cpp */,
				D9A660CC1618ADDC00A84E6B /* replay_file.h */,
				D9A660CD1618ADDC00A84E6B /* types.h */,
				D9A660CE1618ADDC00A84E6B /* wotstats.1 */,
			);
			path = src;
			sourceTree = SOURCE_ROOT;
		};
		D9C92C3D1618B22C00E00826 /* ext */ = {
			isa = PBXGroup;
			children = (
				D9C92C3E1618B22C00E00826 /* jsoncpp */,
			);
			path = ext;
			sourceTree = SOURCE_ROOT;
		};
		D9C92C3E1618B22C00E00826 /* jsoncpp */ = {
			isa = PBXGroup;
			children = (
				D9C92C3F1618B22C00E00826 /* include */,
				D9C92C431618B22C00E00826 /* src */,
			);
			path = jsoncpp;
			sourceTree = "<group>";
		};
		D9C92C3F1618B22C00E00826 /* include */ = {
			isa = PBXGroup;
			children = (
				D9C92C401618B22C00E00826 /* json */,
			);
			path = include;
			sourceTree = "<group>";
		};
		D9C92C401618B22C00E00826 /* json */ = {
			isa = PBXGroup;
			children = (
				D9C92C411618B22C00E00826 /* json-forwards.h */,
				D9C92C421618B22C00E00826 /* json.h */,
			);
			path = json;
			sourceTree = "<group>";
		};
		D9C92C431618B22C00E00826 /* src */ = {
			isa = PBXGroup;
			children = (
				D9C92C441618B22C00E00826 /* jsoncpp.cpp */,
			);
			path = src;
			sourceTree = "<group>";
		};
/* End PBXGroup section */

/* Begin PBXNativeTarget section */
		D9511A1F15615982009B4E0F /* wotreplay-parser */ = {
			isa = PBXNativeTarget;
			buildConfigurationList = D9511A2A15615982009B4E0F /* Build configuration list for PBXNativeTarget "wotreplay-parser" */;
			buildPhases = (
				D9511A1C15615982009B4E0F /* Sources */,
				D9511A1D15615982009B4E0F /* Frameworks */,
				D9511A1E15615982009B4E0F /* Copy Files */,
				D991A370159FE0EC00EDFB8B /* ShellScript */,
			);
			buildRules = (
			);
			dependencies = (
			);
			name = "wotreplay-parser";
			productName = wotstats;
			productReference = D9511A2015615982009B4E0F /* wotreplay-parser */;
			productType = "com.apple.product-type.tool";
		};
/* End PBXNativeTarget section */

/* Begin PBXProject section */
		D9511A1715615981009B4E0F /* Project object */ = {
			isa = PBXProject;
			attributes = {
				LastUpgradeCheck = 0430;
			};
			buildConfigurationList = D9511A1A15615981009B4E0F /* Build configuration list for PBXProject "wotreplay-parser" */;
			compatibilityVersion = "Xcode 3.2";
			developmentRegion = English;
			hasScannedForEncodings = 0;
			knownRegions = (
				en,
			);
			mainGroup = D9511A1515615981009B4E0F;
			productRefGroup = D9511A2115615982009B4E0F /* Products */;
			projectDirPath = "";
			projectRoot = "";
			targets = (
				D9511A1F15615982009B4E0F /* wotreplay-parser */,
			);
		};
/* End PBXProject section */

/* Begin PBXShellScriptBuildPhase section */
		D991A370159FE0EC00EDFB8B /* ShellScript */ = {
			isa = PBXShellScriptBuildPhase;
			buildActionMask = 2147483647;
			files = (
			);
			inputPaths = (
			);
			outputPaths = (
			);
			runOnlyForDeploymentPostprocessing = 0;
			shellPath = /bin/bash;
			shellScript = "cd /Users/jantemmerman/Development/wotreplay-parser/\n/opt/local/bin/doxygen wotreplay-parser.xml";
		};
/* End PBXShellScriptBuildPhase section */

/* Begin PBXSourcesBuildPhase section */
		D9511A1C15615982009B4E0F /* Sources */ = {
			isa = PBXSourcesBuildPhase;
			buildActionMask = 2147483647;
			files = (
				D9A660D01618ADDC00A84E6B /* main.cpp in Sources */,
				D9A660D11618ADDC00A84E6B /* packet.cpp in Sources */,
				D9A660D21618ADDC00A84E6B /* replay_file.cpp in Sources */,
				D9C92C451618B22C00E00826 /* jsoncpp.cpp in Sources */,
			);
			runOnlyForDeploymentPostprocessing = 0;
		};
/* End PBXSourcesBuildPhase section */

/* Begin XCBuildConfiguration section */
		D9511A2815615982009B4E0F /* Debug */ = {
			isa = XCBuildConfiguration;
			buildSettings = {
				ALWAYS_SEARCH_USER_PATHS = NO;
				ARCHS = "$(ARCHS_STANDARD_64_BIT)";
				CLANG_CXX_LANGUAGE_STANDARD = "c++0x";
				CLANG_CXX_LIBRARY = "libc++";
				COPY_PHASE_STRIP = NO;
				GCC_C_LANGUAGE_STANDARD = c99;
				GCC_DYNAMIC_NO_PIC = NO;
				GCC_ENABLE_OBJC_EXCEPTIONS = YES;
				GCC_OPTIMIZATION_LEVEL = 0;
				GCC_PREPROCESSOR_DEFINITIONS = (
					"DEBUG=1",
					"$(inherited)",
				);
				GCC_SYMBOLS_PRIVATE_EXTERN = NO;
				GCC_VERSION = com.apple.compilers.llvm.clang.1_0;
				GCC_WARN_64_TO_32_BIT_CONVERSION = YES;
				GCC_WARN_ABOUT_RETURN_TYPE = YES;
				GCC_WARN_UNINITIALIZED_AUTOS = YES;
				GCC_WARN_UNUSED_VARIABLE = YES;
				MACOSX_DEPLOYMENT_TARGET = 10.7;
				ONLY_ACTIVE_ARCH = YES;
				SDKROOT = "";
			};
			name = Debug;
		};
		D9511A2915615982009B4E0F /* Release */ = {
			isa = XCBuildConfiguration;
			buildSettings = {
				ALWAYS_SEARCH_USER_PATHS = NO;
				ARCHS = "$(ARCHS_STANDARD_64_BIT)";
				CLANG_CXX_LANGUAGE_STANDARD = "c++0x";
				CLANG_CXX_LIBRARY = "libc++";
				COPY_PHASE_STRIP = YES;
				DEBUG_INFORMATION_FORMAT = "dwarf-with-dsym";
				GCC_C_LANGUAGE_STANDARD = c99;
				GCC_ENABLE_OBJC_EXCEPTIONS = YES;
				GCC_VERSION = com.apple.compilers.llvm.clang.1_0;
				GCC_WARN_64_TO_32_BIT_CONVERSION = YES;
				GCC_WARN_ABOUT_RETURN_TYPE = YES;
				GCC_WARN_UNINITIALIZED_AUTOS = YES;
				GCC_WARN_UNUSED_VARIABLE = YES;
				MACOSX_DEPLOYMENT_TARGET = 10.7;
				SDKROOT = "";
			};
			name = Release;
		};
		D9511A2B15615982009B4E0F /* Debug */ = {
			isa = XCBuildConfiguration;
			buildSettings = {
				ARCHS = "$(ARCHS_STANDARD_64_BIT)";
				CLANG_CXX_LANGUAGE_STANDARD = "c++0x";
				CLANG_CXX_LIBRARY = "libc++";
				GCC_CW_ASM_SYNTAX = NO;
				GCC_C_LANGUAGE_STANDARD = c99;
				GCC_OPTIMIZATION_LEVEL = 0;
				GCC_PREPROCESSOR_DEFINITIONS = (
					"DEBUG_REPLAY_FILE=1",
					"$(inherited)",
				);
				GCC_STRICT_ALIASING = YES;
				HEADER_SEARCH_PATHS = (
					"/Users/jantemmerman/Development/wotreplay-parser/ext/jsoncpp/include",
					/opt/local/include,
					/Users/jantemmerman/include,
				);
				LIBRARY_SEARCH_PATHS = (
					/Users/jantemmerman/lib,
					/opt/local/lib,
				);
				ORDER_FILE = "";
				OTHER_CPLUSPLUSFLAGS = "$(OTHER_CFLAGS)";
				PRODUCT_NAME = "wotreplay-parser";
				SDKROOT = "";
				USER_HEADER_SEARCH_PATHS = /opt/local/include;
				VALID_ARCHS = x86_64;
				WARNING_CFLAGS = (
					"-isystem",
					"-fdiagnostics-show-category",
				);
			};
			name = Debug;
		};
		D9511A2C15615982009B4E0F /* Release */ = {
			isa = XCBuildConfiguration;
			buildSettings = {
				ARCHS = "$(ARCHS_STANDARD_64_BIT)";
				CLANG_CXX_LANGUAGE_STANDARD = "c++0x";
				CLANG_CXX_LIBRARY = "libc++";
				GCC_CW_ASM_SYNTAX = NO;
				GCC_C_LANGUAGE_STANDARD = c99;
				GCC_GENERATE_DEBUGGING_SYMBOLS = YES;
				GCC_STRICT_ALIASING = YES;
				HEADER_SEARCH_PATHS = (
					"/Users/jantemmerman/Development/wotreplay-parser/ext/jsoncpp/include",
					/opt/local/include,
					/Users/jantemmerman/include,
				);
				LIBRARY_SEARCH_PATHS = (
					/Users/jantemmerman/lib,
					/opt/local/lib,
				);
				LLVM_LTO = NO;
				ORDER_FILE = "";
				OTHER_CPLUSPLUSFLAGS = "$(OTHER_CFLAGS)";
				PRODUCT_NAME = "wotreplay-parser";
				SDKROOT = "";
				USER_HEADER_SEARCH_PATHS = /opt/local/include;
				VALID_ARCHS = x86_64;
				WARNING_CFLAGS = (
					"-isystem",
					"-fdiagnostics-show-category",
				);
			};
			name = Release;
		};
/* End XCBuildConfiguration section */

/* Begin XCConfigurationList section */
		D9511A1A15615981009B4E0F /* Build configuration list for PBXProject "wotreplay-parser" */ = {
			isa = XCConfigurationList;
			buildConfigurations = (
				D9511A2815615982009B4E0F /* Debug */,
				D9511A2915615982009B4E0F /* Release */,
			);
			defaultConfigurationIsVisible = 0;
			defaultConfigurationName = Release;
		};
		D9511A2A15615982009B4E0F /* Build configuration list for PBXNativeTarget "wotreplay-parser" */ = {
			isa = XCConfigurationList;
			buildConfigurations = (
				D9511A2B15615982009B4E0F /* Debug */,
				D9511A2C15615982009B4E0F /* Release */,
			);
			defaultConfigurationIsVisible = 0;
			defaultConfigurationName = Release;
		};
/* End XCConfigurationList section */
	};
	rootObject = D9511A1715615981009B4E0F /* Project object */;
}
